// !$*UTF8*$!
{
	archiveVersion = 1;
	classes = {
	};
	objectVersion = 50;
	objects = {

/* Begin PBXBuildFile section */
		058557BB273AAA24004C7B11 /* Assets.xcassets in Resources */ = {isa = PBXBuildFile; fileRef = 058557BA273AAA24004C7B11 /* Assets.xcassets */; };
		058557D9273AAEEB004C7B11 /* Preview Assets.xcassets in Resources */ = {isa = PBXBuildFile; fileRef = 058557D8273AAEEB004C7B11 /* Preview Assets.xcassets */; };
		0B53DA162BA282B300EFA082 /* iosAppUITests.swift in Sources */ = {isa = PBXBuildFile; fileRef = 0B53DA152BA282B300EFA082 /* iosAppUITests.swift */; };
		0B53DA182BA282B300EFA082 /* iosAppUITestsLaunchTests.swift in Sources */ = {isa = PBXBuildFile; fileRef = 0B53DA172BA282B300EFA082 /* iosAppUITestsLaunchTests.swift */; };
		0B53DA1F2BA2846600EFA082 /* iosAppBackgroundTests.swift in Sources */ = {isa = PBXBuildFile; fileRef = 0B53DA1E2BA2846600EFA082 /* iosAppBackgroundTests.swift */; };
		0B551C2B2AFE910D00BA0052 /* utils_ios.kt in Resources */ = {isa = PBXBuildFile; fileRef = 0B551BDE2AFE910D00BA0052 /* utils_ios.kt */; };
		0B551C2C2AFE910D00BA0052 /* baseexception.native.kt in Resources */ = {isa = PBXBuildFile; fileRef = 0B551BDF2AFE910D00BA0052 /* baseexception.native.kt */; };
		0B551C2D2AFE910D00BA0052 /* WallyTheme.ios.kt in Resources */ = {isa = PBXBuildFile; fileRef = 0B551BE22AFE910D00BA0052 /* WallyTheme.ios.kt */; };
		0B551C2E2AFE910D00BA0052 /* preferences.ios.kt in Resources */ = {isa = PBXBuildFile; fileRef = 0B551BE32AFE910D00BA0052 /* preferences.ios.kt */; };
		0B551C2F2AFE910D00BA0052 /* MainViewController.kt in Resources */ = {isa = PBXBuildFile; fileRef = 0B551BE42AFE910D00BA0052 /* MainViewController.kt */; };
		0B551C302AFE910D00BA0052 /* i18n_ios.kt in Resources */ = {isa = PBXBuildFile; fileRef = 0B551BE52AFE910D00BA0052 /* i18n_ios.kt */; };
		0B551C312AFE910D00BA0052 /* strings_nb.bin in Resources */ = {isa = PBXBuildFile; fileRef = 0B551BE82AFE910D00BA0052 /* strings_nb.bin */; };
		0B551C322AFE910D00BA0052 /* strings_ca.bin in Resources */ = {isa = PBXBuildFile; fileRef = 0B551BE92AFE910D00BA0052 /* strings_ca.bin */; };
		0B551C332AFE910D00BA0052 /* strings_es.bin in Resources */ = {isa = PBXBuildFile; fileRef = 0B551BEA2AFE910D00BA0052 /* strings_es.bin */; };
		0B551C342AFE910D00BA0052 /* strings_ko.bin in Resources */ = {isa = PBXBuildFile; fileRef = 0B551BEB2AFE910D00BA0052 /* strings_ko.bin */; };
		0B551C352AFE910D00BA0052 /* strings_sl.bin in Resources */ = {isa = PBXBuildFile; fileRef = 0B551BEC2AFE910D00BA0052 /* strings_sl.bin */; };
		0B551C362AFE910D00BA0052 /* strings_de.bin in Resources */ = {isa = PBXBuildFile; fileRef = 0B551BED2AFE910D00BA0052 /* strings_de.bin */; };
		0B551C372AFE910D00BA0052 /* strings_it.bin in Resources */ = {isa = PBXBuildFile; fileRef = 0B551BEE2AFE910D00BA0052 /* strings_it.bin */; };
		0B551C382AFE910D00BA0052 /* strings_et.bin in Resources */ = {isa = PBXBuildFile; fileRef = 0B551BEF2AFE910D00BA0052 /* strings_et.bin */; };
		0B551C392AFE910D00BA0052 /* strings_en.bin in Resources */ = {isa = PBXBuildFile; fileRef = 0B551BF02AFE910D00BA0052 /* strings_en.bin */; };
		0B551C3A2AFE910D00BA0052 /* strings_hi.bin in Resources */ = {isa = PBXBuildFile; fileRef = 0B551BF12AFE910D00BA0052 /* strings_hi.bin */; };
		0B551C3B2AFE910D00BA0052 /* strings_in.bin in Resources */ = {isa = PBXBuildFile; fileRef = 0B551BF22AFE910D00BA0052 /* strings_in.bin */; };
		0B551C3C2AFE910D00BA0052 /* strings_round.bin in Resources */ = {isa = PBXBuildFile; fileRef = 0B551BF32AFE910D00BA0052 /* strings_round.bin */; };
		0B551C3D2AFE910D00BA0052 /* strings_sv.bin in Resources */ = {isa = PBXBuildFile; fileRef = 0B551BF42AFE910D00BA0052 /* strings_sv.bin */; };
		0B551C3E2AFE910D00BA0052 /* gear.xml in Resources */ = {isa = PBXBuildFile; fileRef = 0B551BF62AFE910D00BA0052 /* gear.xml */; };
		0B551C3F2AFE910D00BA0052 /* plus.xml in Resources */ = {isa = PBXBuildFile; fileRef = 0B551BF72AFE910D00BA0052 /* plus.xml */; };
		0B551C402AFE910D00BA0052 /* check.xml in Resources */ = {isa = PBXBuildFile; fileRef = 0B551BF82AFE910D00BA0052 /* check.xml */; };
		0B551C412AFE910D00BA0052 /* nexareg_icon.png in Resources */ = {isa = PBXBuildFile; fileRef = 0B551BF92AFE910D00BA0052 /* nexareg_icon.png */; };
		0B551C422AFE910D00BA0052 /* lock.xml in Resources */ = {isa = PBXBuildFile; fileRef = 0B551BFA2AFE910D00BA0052 /* lock.xml */; };
		0B551C432AFE910D00BA0052 /* faucet_drip.xml in Resources */ = {isa = PBXBuildFile; fileRef = 0B551BFB2AFE910D00BA0052 /* faucet_drip.xml */; };
		0B551C442AFE910D00BA0052 /* W_1024.png in Resources */ = {isa = PBXBuildFile; fileRef = 0B551BFC2AFE910D00BA0052 /* W_1024.png */; };
		0B551C452AFE910D00BA0052 /* nexatest_icon.png in Resources */ = {isa = PBXBuildFile; fileRef = 0B551BFD2AFE910D00BA0052 /* nexatest_icon.png */; };
		0B551C462AFE910D00BA0052 /* W_152.png in Resources */ = {isa = PBXBuildFile; fileRef = 0B551BFE2AFE910D00BA0052 /* W_152.png */; };
		0B551C472AFE910D00BA0052 /* ani_syncing.xml in Resources */ = {isa = PBXBuildFile; fileRef = 0B551BFF2AFE910D00BA0052 /* ani_syncing.xml */; };
		0B551C482AFE910D00BA0052 /* nexa_icon.png in Resources */ = {isa = PBXBuildFile; fileRef = 0B551C002AFE910D00BA0052 /* nexa_icon.png */; };
		0B551C492AFE910D00BA0052 /* unlock.xml in Resources */ = {isa = PBXBuildFile; fileRef = 0B551C012AFE910D00BA0052 /* unlock.xml */; };
		0B551C4A2AFE910D00BA0052 /* W_120.png in Resources */ = {isa = PBXBuildFile; fileRef = 0B551C022AFE910D00BA0052 /* W_120.png */; };
		0B551C4B2AFE910D00BA0052 /* bitcoin_cash_token.xml in Resources */ = {isa = PBXBuildFile; fileRef = 0B551C032AFE910D00BA0052 /* bitcoin_cash_token.xml */; };
		0B551C4C2AFE910D00BA0052 /* strings_tr.bin in Resources */ = {isa = PBXBuildFile; fileRef = 0B551C042AFE910D00BA0052 /* strings_tr.bin */; };
		0B551C4D2AFE910D00BA0052 /* strings_no.bin in Resources */ = {isa = PBXBuildFile; fileRef = 0B551C052AFE910D00BA0052 /* strings_no.bin */; };
		0B551C4E2AFE910D00BA0052 /* SplitBillScreen.kt in Resources */ = {isa = PBXBuildFile; fileRef = 0B551C082AFE910D00BA0052 /* SplitBillScreen.kt */; };
		0B551C4F2AFE910D00BA0052 /* NewAccountScreen.kt in Resources */ = {isa = PBXBuildFile; fileRef = 0B551C092AFE910D00BA0052 /* NewAccountScreen.kt */; };
		0B551C502AFE910D00BA0052 /* NavigationRoot.kt in Resources */ = {isa = PBXBuildFile; fileRef = 0B551C0A2AFE910D00BA0052 /* NavigationRoot.kt */; };
		0B551C512AFE910D00BA0052 /* SettingsScreen.kt in Resources */ = {isa = PBXBuildFile; fileRef = 0B551C0B2AFE910D00BA0052 /* SettingsScreen.kt */; };
		0B551C522AFE910D00BA0052 /* AccountDetailScreen.kt in Resources */ = {isa = PBXBuildFile; fileRef = 0B551C0C2AFE910D00BA0052 /* AccountDetailScreen.kt */; };
		0B551C542AFE910D00BA0052 /* WallyDropdown.kt in Resources */ = {isa = PBXBuildFile; fileRef = 0B551C0F2AFE910D00BA0052 /* WallyDropdown.kt */; };
		0B551C552AFE910D00BA0052 /* WallyTheme.kt in Resources */ = {isa = PBXBuildFile; fileRef = 0B551C102AFE910D00BA0052 /* WallyTheme.kt */; };
		0B551C562AFE910D00BA0052 /* Color.kt in Resources */ = {isa = PBXBuildFile; fileRef = 0B551C112AFE910D00BA0052 /* Color.kt */; };
		0B551C572AFE910D00BA0052 /* Shapes.kt in Resources */ = {isa = PBXBuildFile; fileRef = 0B551C122AFE910D00BA0052 /* Shapes.kt */; };
		0B551C582AFE910D00BA0052 /* Theme.kt in Resources */ = {isa = PBXBuildFile; fileRef = 0B551C132AFE910D00BA0052 /* Theme.kt */; };
		0B551C592AFE910D00BA0052 /* Typography.kt in Resources */ = {isa = PBXBuildFile; fileRef = 0B551C142AFE910D00BA0052 /* Typography.kt */; };
		0B551C5A2AFE910D00BA0052 /* HomeScreen.kt in Resources */ = {isa = PBXBuildFile; fileRef = 0B551C152AFE910D00BA0052 /* HomeScreen.kt */; };
		0B551C5B2AFE910D00BA0052 /* AccountListView.kt in Resources */ = {isa = PBXBuildFile; fileRef = 0B551C172AFE910D00BA0052 /* AccountListView.kt */; };
		0B551C5C2AFE910D00BA0052 /* ResImageView.kt in Resources */ = {isa = PBXBuildFile; fileRef = 0B551C182AFE910D00BA0052 /* ResImageView.kt */; };
		0B551C5D2AFE910D00BA0052 /* ShoppingScreen.kt in Resources */ = {isa = PBXBuildFile; fileRef = 0B551C192AFE910D00BA0052 /* ShoppingScreen.kt */; };
		0B551C5E2AFE910D00BA0052 /* i18n.kt in Resources */ = {isa = PBXBuildFile; fileRef = 0B551C1A2AFE910D00BA0052 /* i18n.kt */; };
		0B551C5F2AFE910D00BA0052 /* exceptions.kt in Resources */ = {isa = PBXBuildFile; fileRef = 0B551C1B2AFE910D00BA0052 /* exceptions.kt */; };
		0B551C602AFE910D00BA0052 /* app.kt in Resources */ = {isa = PBXBuildFile; fileRef = 0B551C1C2AFE910D00BA0052 /* app.kt */; };
		0B551C612AFE910D00BA0052 /* settings.kt in Resources */ = {isa = PBXBuildFile; fileRef = 0B551C1D2AFE910D00BA0052 /* settings.kt */; };
		0B551C622AFE910D00BA0052 /* accountdiscovery.kt in Resources */ = {isa = PBXBuildFile; fileRef = 0B551C1E2AFE910D00BA0052 /* accountdiscovery.kt */; };
		0B551C632AFE910D00BA0052 /* bitcoincomapi.kt in Resources */ = {isa = PBXBuildFile; fileRef = 0B551C1F2AFE910D00BA0052 /* bitcoincomapi.kt */; };
		0B551C642AFE910D00BA0052 /* utils.kt in Resources */ = {isa = PBXBuildFile; fileRef = 0B551C202AFE910D00BA0052 /* utils.kt */; };
		0B551C652AFE910D00BA0052 /* strings.kt in Resources */ = {isa = PBXBuildFile; fileRef = 0B551C212AFE910D00BA0052 /* strings.kt */; };
		0B551C662AFE910D00BA0052 /* account.kt in Resources */ = {isa = PBXBuildFile; fileRef = 0B551C222AFE910D00BA0052 /* account.kt */; };
		0B551C672AFE910D00BA0052 /* wallywalletorgapi.kt in Resources */ = {isa = PBXBuildFile; fileRef = 0B551C232AFE910D00BA0052 /* wallywalletorgapi.kt */; };
		0B551C682AFE910D00BA0052 /* reactor.kt in Resources */ = {isa = PBXBuildFile; fileRef = 0B551C242AFE910D00BA0052 /* reactor.kt */; };
		0B551C692AFE910D00BA0052 /* baseexception.kt in Resources */ = {isa = PBXBuildFile; fileRef = 0B551C252AFE910D00BA0052 /* baseexception.kt */; };
		0B551C6A2AFE910D00BA0052 /* shopping.kt in Resources */ = {isa = PBXBuildFile; fileRef = 0B551C262AFE910D00BA0052 /* shopping.kt */; };
		0B551C6B2AFE910D00BA0052 /* listifyMap.kt in Resources */ = {isa = PBXBuildFile; fileRef = 0B551C272AFE910D00BA0052 /* listifyMap.kt */; };
		0B551C6C2AFE910D00BA0052 /* preferences.kt in Resources */ = {isa = PBXBuildFile; fileRef = 0B551C282AFE910D00BA0052 /* preferences.kt */; };
		0B551C6D2AFE910D00BA0052 /* payproto_21_72.kt in Resources */ = {isa = PBXBuildFile; fileRef = 0B551C292AFE910D00BA0052 /* payproto_21_72.kt */; };
		0B551C6E2AFE910D00BA0052 /* globals.kt in Resources */ = {isa = PBXBuildFile; fileRef = 0B551C2A2AFE910D00BA0052 /* globals.kt */; };
		2152FB042600AC8F00CF470E /* iOSApp.swift in Sources */ = {isa = PBXBuildFile; fileRef = 2152FB032600AC8F00CF470E /* iOSApp.swift */; };
		7555FF83242A565900829871 /* ContentView.swift in Sources */ = {isa = PBXBuildFile; fileRef = 7555FF82242A565900829871 /* ContentView.swift */; };
		8E1ECA662AA957D300759B4F /* strings_en.bin in Resources */ = {isa = PBXBuildFile; fileRef = 8E1ECA652AA957D200759B4F /* strings_en.bin */; };
		8E1ECA742AAA002000759B4F /* strings_es.bin in Resources */ = {isa = PBXBuildFile; fileRef = 8E1ECA672AAA001B00759B4F /* strings_es.bin */; };
		8E1ECA752AAA002000759B4F /* strings_hi.bin in Resources */ = {isa = PBXBuildFile; fileRef = 8E1ECA682AAA001C00759B4F /* strings_hi.bin */; };
		8E1ECA762AAA002000759B4F /* strings_round.bin in Resources */ = {isa = PBXBuildFile; fileRef = 8E1ECA692AAA001C00759B4F /* strings_round.bin */; };
		8E1ECA772AAA002000759B4F /* strings_sl.bin in Resources */ = {isa = PBXBuildFile; fileRef = 8E1ECA6A2AAA001C00759B4F /* strings_sl.bin */; };
		8E1ECA782AAA002000759B4F /* strings_et.bin in Resources */ = {isa = PBXBuildFile; fileRef = 8E1ECA6B2AAA001D00759B4F /* strings_et.bin */; };
		8E1ECA792AAA002000759B4F /* strings_nb.bin in Resources */ = {isa = PBXBuildFile; fileRef = 8E1ECA6C2AAA001D00759B4F /* strings_nb.bin */; };
		8E1ECA7A2AAA002000759B4F /* strings_ca.bin in Resources */ = {isa = PBXBuildFile; fileRef = 8E1ECA6D2AAA001D00759B4F /* strings_ca.bin */; };
		8E1ECA7B2AAA002000759B4F /* strings_it.bin in Resources */ = {isa = PBXBuildFile; fileRef = 8E1ECA6E2AAA001E00759B4F /* strings_it.bin */; };
		8E1ECA7C2AAA002000759B4F /* strings_sv.bin in Resources */ = {isa = PBXBuildFile; fileRef = 8E1ECA6F2AAA001E00759B4F /* strings_sv.bin */; };
		8E1ECA7D2AAA002000759B4F /* strings_tr.bin in Resources */ = {isa = PBXBuildFile; fileRef = 8E1ECA702AAA001F00759B4F /* strings_tr.bin */; };
		8E1ECA7E2AAA002000759B4F /* strings_no.bin in Resources */ = {isa = PBXBuildFile; fileRef = 8E1ECA712AAA001F00759B4F /* strings_no.bin */; };
		8E1ECA7F2AAA002000759B4F /* strings_de.bin in Resources */ = {isa = PBXBuildFile; fileRef = 8E1ECA722AAA001F00759B4F /* strings_de.bin */; };
		8E1ECA802AAA002000759B4F /* strings_in.bin in Resources */ = {isa = PBXBuildFile; fileRef = 8E1ECA732AAA002000759B4F /* strings_in.bin */; };
/* End PBXBuildFile section */

/* Begin PBXContainerItemProxy section */
		0B53DA192BA282B300EFA082 /* PBXContainerItemProxy */ = {
			isa = PBXContainerItemProxy;
			containerPortal = 7555FF73242A565900829871 /* Project object */;
			proxyType = 1;
			remoteGlobalIDString = 7555FF7A242A565900829871;
			remoteInfo = iosApp;
		};
/* End PBXContainerItemProxy section */

/* Begin PBXCopyFilesBuildPhase section */
		7555FFB4242A642300829871 /* Embed Frameworks */ = {
			isa = PBXCopyFilesBuildPhase;
			buildActionMask = 2147483647;
			dstPath = "";
			dstSubfolderSpec = 10;
			files = (
			);
			name = "Embed Frameworks";
			runOnlyForDeploymentPostprocessing = 0;
		};
/* End PBXCopyFilesBuildPhase section */

/* Begin PBXFileReference section */
		058557BA273AAA24004C7B11 /* Assets.xcassets */ = {isa = PBXFileReference; lastKnownFileType = folder.assetcatalog; path = Assets.xcassets; sourceTree = "<group>"; };
		058557D8273AAEEB004C7B11 /* Preview Assets.xcassets */ = {isa = PBXFileReference; lastKnownFileType = folder.assetcatalog; path = "Preview Assets.xcassets"; sourceTree = "<group>"; };
		0B53DA132BA282B300EFA082 /* iosAppUITests.xctest */ = {isa = PBXFileReference; explicitFileType = wrapper.cfbundle; includeInIndex = 0; path = iosAppUITests.xctest; sourceTree = BUILT_PRODUCTS_DIR; };
		0B53DA152BA282B300EFA082 /* iosAppUITests.swift */ = {isa = PBXFileReference; lastKnownFileType = sourcecode.swift; path = iosAppUITests.swift; sourceTree = "<group>"; };
		0B53DA172BA282B300EFA082 /* iosAppUITestsLaunchTests.swift */ = {isa = PBXFileReference; lastKnownFileType = sourcecode.swift; path = iosAppUITestsLaunchTests.swift; sourceTree = "<group>"; };
		0B53DA1E2BA2846600EFA082 /* iosAppBackgroundTests.swift */ = {isa = PBXFileReference; lastKnownFileType = sourcecode.swift; path = iosAppBackgroundTests.swift; sourceTree = "<group>"; };
		0B551BDE2AFE910D00BA0052 /* utils_ios.kt */ = {isa = PBXFileReference; fileEncoding = 4; lastKnownFileType = text; path = utils_ios.kt; sourceTree = "<group>"; };
		0B551BDF2AFE910D00BA0052 /* baseexception.native.kt */ = {isa = PBXFileReference; fileEncoding = 4; lastKnownFileType = text; path = baseexception.native.kt; sourceTree = "<group>"; };
		0B551BE22AFE910D00BA0052 /* WallyTheme.ios.kt */ = {isa = PBXFileReference; fileEncoding = 4; lastKnownFileType = text; path = WallyTheme.ios.kt; sourceTree = "<group>"; };
		0B551BE32AFE910D00BA0052 /* preferences.ios.kt */ = {isa = PBXFileReference; fileEncoding = 4; lastKnownFileType = text; path = preferences.ios.kt; sourceTree = "<group>"; };
		0B551BE42AFE910D00BA0052 /* MainViewController.kt */ = {isa = PBXFileReference; fileEncoding = 4; lastKnownFileType = text; path = MainViewController.kt; sourceTree = "<group>"; };
		0B551BE52AFE910D00BA0052 /* i18n_ios.kt */ = {isa = PBXFileReference; fileEncoding = 4; lastKnownFileType = text; path = i18n_ios.kt; sourceTree = "<group>"; };
		0B551BE82AFE910D00BA0052 /* strings_nb.bin */ = {isa = PBXFileReference; lastKnownFileType = archive.macbinary; path = strings_nb.bin; sourceTree = "<group>"; };
		0B551BE92AFE910D00BA0052 /* strings_ca.bin */ = {isa = PBXFileReference; lastKnownFileType = archive.macbinary; path = strings_ca.bin; sourceTree = "<group>"; };
		0B551BEA2AFE910D00BA0052 /* strings_es.bin */ = {isa = PBXFileReference; lastKnownFileType = archive.macbinary; path = strings_es.bin; sourceTree = "<group>"; };
		0B551BEB2AFE910D00BA0052 /* strings_ko.bin */ = {isa = PBXFileReference; lastKnownFileType = archive.macbinary; path = strings_ko.bin; sourceTree = "<group>"; };
		0B551BEC2AFE910D00BA0052 /* strings_sl.bin */ = {isa = PBXFileReference; lastKnownFileType = archive.macbinary; path = strings_sl.bin; sourceTree = "<group>"; };
		0B551BED2AFE910D00BA0052 /* strings_de.bin */ = {isa = PBXFileReference; lastKnownFileType = archive.macbinary; path = strings_de.bin; sourceTree = "<group>"; };
		0B551BEE2AFE910D00BA0052 /* strings_it.bin */ = {isa = PBXFileReference; lastKnownFileType = archive.macbinary; path = strings_it.bin; sourceTree = "<group>"; };
		0B551BEF2AFE910D00BA0052 /* strings_et.bin */ = {isa = PBXFileReference; lastKnownFileType = archive.macbinary; path = strings_et.bin; sourceTree = "<group>"; };
		0B551BF02AFE910D00BA0052 /* strings_en.bin */ = {isa = PBXFileReference; lastKnownFileType = archive.macbinary; path = strings_en.bin; sourceTree = "<group>"; };
		0B551BF12AFE910D00BA0052 /* strings_hi.bin */ = {isa = PBXFileReference; lastKnownFileType = archive.macbinary; path = strings_hi.bin; sourceTree = "<group>"; };
		0B551BF22AFE910D00BA0052 /* strings_in.bin */ = {isa = PBXFileReference; lastKnownFileType = archive.macbinary; path = strings_in.bin; sourceTree = "<group>"; };
		0B551BF32AFE910D00BA0052 /* strings_round.bin */ = {isa = PBXFileReference; lastKnownFileType = archive.macbinary; path = strings_round.bin; sourceTree = "<group>"; };
		0B551BF42AFE910D00BA0052 /* strings_sv.bin */ = {isa = PBXFileReference; lastKnownFileType = archive.macbinary; path = strings_sv.bin; sourceTree = "<group>"; };
		0B551BF62AFE910D00BA0052 /* gear.xml */ = {isa = PBXFileReference; fileEncoding = 4; lastKnownFileType = text.xml; path = gear.xml; sourceTree = "<group>"; };
		0B551BF72AFE910D00BA0052 /* plus.xml */ = {isa = PBXFileReference; fileEncoding = 4; lastKnownFileType = text.xml; path = plus.xml; sourceTree = "<group>"; };
		0B551BF82AFE910D00BA0052 /* check.xml */ = {isa = PBXFileReference; fileEncoding = 4; lastKnownFileType = text.xml; path = check.xml; sourceTree = "<group>"; };
		0B551BF92AFE910D00BA0052 /* nexareg_icon.png */ = {isa = PBXFileReference; lastKnownFileType = image.png; path = nexareg_icon.png; sourceTree = "<group>"; };
		0B551BFA2AFE910D00BA0052 /* lock.xml */ = {isa = PBXFileReference; fileEncoding = 4; lastKnownFileType = text.xml; path = lock.xml; sourceTree = "<group>"; };
		0B551BFB2AFE910D00BA0052 /* faucet_drip.xml */ = {isa = PBXFileReference; fileEncoding = 4; lastKnownFileType = text.xml; path = faucet_drip.xml; sourceTree = "<group>"; };
		0B551BFC2AFE910D00BA0052 /* W_1024.png */ = {isa = PBXFileReference; lastKnownFileType = image.png; path = W_1024.png; sourceTree = "<group>"; };
		0B551BFD2AFE910D00BA0052 /* nexatest_icon.png */ = {isa = PBXFileReference; lastKnownFileType = image.png; path = nexatest_icon.png; sourceTree = "<group>"; };
		0B551BFE2AFE910D00BA0052 /* W_152.png */ = {isa = PBXFileReference; lastKnownFileType = image.png; path = W_152.png; sourceTree = "<group>"; };
		0B551BFF2AFE910D00BA0052 /* ani_syncing.xml */ = {isa = PBXFileReference; fileEncoding = 4; lastKnownFileType = text.xml; path = ani_syncing.xml; sourceTree = "<group>"; };
		0B551C002AFE910D00BA0052 /* nexa_icon.png */ = {isa = PBXFileReference; lastKnownFileType = image.png; path = nexa_icon.png; sourceTree = "<group>"; };
		0B551C012AFE910D00BA0052 /* unlock.xml */ = {isa = PBXFileReference; fileEncoding = 4; lastKnownFileType = text.xml; path = unlock.xml; sourceTree = "<group>"; };
		0B551C022AFE910D00BA0052 /* W_120.png */ = {isa = PBXFileReference; lastKnownFileType = image.png; path = W_120.png; sourceTree = "<group>"; };
		0B551C032AFE910D00BA0052 /* bitcoin_cash_token.xml */ = {isa = PBXFileReference; fileEncoding = 4; lastKnownFileType = text.xml; path = bitcoin_cash_token.xml; sourceTree = "<group>"; };
		0B551C042AFE910D00BA0052 /* strings_tr.bin */ = {isa = PBXFileReference; lastKnownFileType = archive.macbinary; path = strings_tr.bin; sourceTree = "<group>"; };
		0B551C052AFE910D00BA0052 /* strings_no.bin */ = {isa = PBXFileReference; lastKnownFileType = archive.macbinary; path = strings_no.bin; sourceTree = "<group>"; };
		0B551C082AFE910D00BA0052 /* SplitBillScreen.kt */ = {isa = PBXFileReference; fileEncoding = 4; lastKnownFileType = text; path = SplitBillScreen.kt; sourceTree = "<group>"; };
		0B551C092AFE910D00BA0052 /* NewAccountScreen.kt */ = {isa = PBXFileReference; fileEncoding = 4; lastKnownFileType = text; path = NewAccountScreen.kt; sourceTree = "<group>"; };
		0B551C0A2AFE910D00BA0052 /* NavigationRoot.kt */ = {isa = PBXFileReference; fileEncoding = 4; lastKnownFileType = text; path = NavigationRoot.kt; sourceTree = "<group>"; };
		0B551C0B2AFE910D00BA0052 /* SettingsScreen.kt */ = {isa = PBXFileReference; fileEncoding = 4; lastKnownFileType = text; path = SettingsScreen.kt; sourceTree = "<group>"; };
		0B551C0C2AFE910D00BA0052 /* AccountDetailScreen.kt */ = {isa = PBXFileReference; fileEncoding = 4; lastKnownFileType = text; path = AccountDetailScreen.kt; sourceTree = "<group>"; };
		0B551C0F2AFE910D00BA0052 /* WallyDropdown.kt */ = {isa = PBXFileReference; fileEncoding = 4; lastKnownFileType = text; path = WallyDropdown.kt; sourceTree = "<group>"; };
		0B551C102AFE910D00BA0052 /* WallyTheme.kt */ = {isa = PBXFileReference; fileEncoding = 4; lastKnownFileType = text; path = WallyTheme.kt; sourceTree = "<group>"; };
		0B551C112AFE910D00BA0052 /* Color.kt */ = {isa = PBXFileReference; fileEncoding = 4; lastKnownFileType = text; path = Color.kt; sourceTree = "<group>"; };
		0B551C122AFE910D00BA0052 /* Shapes.kt */ = {isa = PBXFileReference; fileEncoding = 4; lastKnownFileType = text; path = Shapes.kt; sourceTree = "<group>"; };
		0B551C132AFE910D00BA0052 /* Theme.kt */ = {isa = PBXFileReference; fileEncoding = 4; lastKnownFileType = text; path = Theme.kt; sourceTree = "<group>"; };
		0B551C142AFE910D00BA0052 /* Typography.kt */ = {isa = PBXFileReference; fileEncoding = 4; lastKnownFileType = text; path = Typography.kt; sourceTree = "<group>"; };
		0B551C152AFE910D00BA0052 /* HomeScreen.kt */ = {isa = PBXFileReference; fileEncoding = 4; lastKnownFileType = text; path = HomeScreen.kt; sourceTree = "<group>"; };
		0B551C172AFE910D00BA0052 /* AccountListView.kt */ = {isa = PBXFileReference; fileEncoding = 4; lastKnownFileType = text; path = AccountListView.kt; sourceTree = "<group>"; };
		0B551C182AFE910D00BA0052 /* ResImageView.kt */ = {isa = PBXFileReference; fileEncoding = 4; lastKnownFileType = text; path = ResImageView.kt; sourceTree = "<group>"; };
		0B551C192AFE910D00BA0052 /* ShoppingScreen.kt */ = {isa = PBXFileReference; fileEncoding = 4; lastKnownFileType = text; path = ShoppingScreen.kt; sourceTree = "<group>"; };
		0B551C1A2AFE910D00BA0052 /* i18n.kt */ = {isa = PBXFileReference; fileEncoding = 4; lastKnownFileType = text; path = i18n.kt; sourceTree = "<group>"; };
		0B551C1B2AFE910D00BA0052 /* exceptions.kt */ = {isa = PBXFileReference; fileEncoding = 4; lastKnownFileType = text; path = exceptions.kt; sourceTree = "<group>"; };
		0B551C1C2AFE910D00BA0052 /* app.kt */ = {isa = PBXFileReference; fileEncoding = 4; lastKnownFileType = text; path = app.kt; sourceTree = "<group>"; };
		0B551C1D2AFE910D00BA0052 /* settings.kt */ = {isa = PBXFileReference; fileEncoding = 4; lastKnownFileType = text; path = settings.kt; sourceTree = "<group>"; };
		0B551C1E2AFE910D00BA0052 /* accountdiscovery.kt */ = {isa = PBXFileReference; fileEncoding = 4; lastKnownFileType = text; path = accountdiscovery.kt; sourceTree = "<group>"; };
		0B551C1F2AFE910D00BA0052 /* bitcoincomapi.kt */ = {isa = PBXFileReference; fileEncoding = 4; lastKnownFileType = text; path = bitcoincomapi.kt; sourceTree = "<group>"; };
		0B551C202AFE910D00BA0052 /* utils.kt */ = {isa = PBXFileReference; fileEncoding = 4; lastKnownFileType = text; path = utils.kt; sourceTree = "<group>"; };
		0B551C212AFE910D00BA0052 /* strings.kt */ = {isa = PBXFileReference; fileEncoding = 4; lastKnownFileType = text; path = strings.kt; sourceTree = "<group>"; };
		0B551C222AFE910D00BA0052 /* account.kt */ = {isa = PBXFileReference; fileEncoding = 4; lastKnownFileType = text; path = account.kt; sourceTree = "<group>"; };
		0B551C232AFE910D00BA0052 /* wallywalletorgapi.kt */ = {isa = PBXFileReference; fileEncoding = 4; lastKnownFileType = text; path = wallywalletorgapi.kt; sourceTree = "<group>"; };
		0B551C242AFE910D00BA0052 /* reactor.kt */ = {isa = PBXFileReference; fileEncoding = 4; lastKnownFileType = text; path = reactor.kt; sourceTree = "<group>"; };
		0B551C252AFE910D00BA0052 /* baseexception.kt */ = {isa = PBXFileReference; fileEncoding = 4; lastKnownFileType = text; path = baseexception.kt; sourceTree = "<group>"; };
		0B551C262AFE910D00BA0052 /* shopping.kt */ = {isa = PBXFileReference; fileEncoding = 4; lastKnownFileType = text; path = shopping.kt; sourceTree = "<group>"; };
		0B551C272AFE910D00BA0052 /* listifyMap.kt */ = {isa = PBXFileReference; fileEncoding = 4; lastKnownFileType = text; path = listifyMap.kt; sourceTree = "<group>"; };
		0B551C282AFE910D00BA0052 /* preferences.kt */ = {isa = PBXFileReference; fileEncoding = 4; lastKnownFileType = text; path = preferences.kt; sourceTree = "<group>"; };
		0B551C292AFE910D00BA0052 /* payproto_21_72.kt */ = {isa = PBXFileReference; fileEncoding = 4; lastKnownFileType = text; path = payproto_21_72.kt; sourceTree = "<group>"; };
		0B551C2A2AFE910D00BA0052 /* globals.kt */ = {isa = PBXFileReference; fileEncoding = 4; lastKnownFileType = text; path = globals.kt; sourceTree = "<group>"; };
		2152FB032600AC8F00CF470E /* iOSApp.swift */ = {isa = PBXFileReference; lastKnownFileType = sourcecode.swift; path = iOSApp.swift; sourceTree = "<group>"; };
		7555FF7B242A565900829871 /* iosApp.app */ = {isa = PBXFileReference; explicitFileType = wrapper.application; includeInIndex = 0; path = iosApp.app; sourceTree = BUILT_PRODUCTS_DIR; };
		7555FF82242A565900829871 /* ContentView.swift */ = {isa = PBXFileReference; lastKnownFileType = sourcecode.swift; path = ContentView.swift; sourceTree = "<group>"; };
		7555FF8C242A565B00829871 /* Info.plist */ = {isa = PBXFileReference; lastKnownFileType = text.plist.xml; path = Info.plist; sourceTree = "<group>"; };
		8E1ECA652AA957D200759B4F /* strings_en.bin */ = {isa = PBXFileReference; lastKnownFileType = archive.macbinary; name = strings_en.bin; path = ../src/src/commonMain/resources/strings_en.bin; sourceTree = "<group>"; };
		8E1ECA672AAA001B00759B4F /* strings_es.bin */ = {isa = PBXFileReference; lastKnownFileType = archive.macbinary; name = strings_es.bin; path = ../src/src/commonMain/resources/strings_es.bin; sourceTree = "<group>"; };
		8E1ECA682AAA001C00759B4F /* strings_hi.bin */ = {isa = PBXFileReference; lastKnownFileType = archive.macbinary; name = strings_hi.bin; path = ../src/src/commonMain/resources/strings_hi.bin; sourceTree = "<group>"; };
		8E1ECA692AAA001C00759B4F /* strings_round.bin */ = {isa = PBXFileReference; lastKnownFileType = archive.macbinary; name = strings_round.bin; path = ../src/src/commonMain/resources/strings_round.bin; sourceTree = "<group>"; };
		8E1ECA6A2AAA001C00759B4F /* strings_sl.bin */ = {isa = PBXFileReference; lastKnownFileType = archive.macbinary; name = strings_sl.bin; path = ../src/src/commonMain/resources/strings_sl.bin; sourceTree = "<group>"; };
		8E1ECA6B2AAA001D00759B4F /* strings_et.bin */ = {isa = PBXFileReference; lastKnownFileType = archive.macbinary; name = strings_et.bin; path = ../src/src/commonMain/resources/strings_et.bin; sourceTree = "<group>"; };
		8E1ECA6C2AAA001D00759B4F /* strings_nb.bin */ = {isa = PBXFileReference; lastKnownFileType = archive.macbinary; name = strings_nb.bin; path = ../src/src/commonMain/resources/strings_nb.bin; sourceTree = "<group>"; };
		8E1ECA6D2AAA001D00759B4F /* strings_ca.bin */ = {isa = PBXFileReference; lastKnownFileType = archive.macbinary; name = strings_ca.bin; path = ../src/src/commonMain/resources/strings_ca.bin; sourceTree = "<group>"; };
		8E1ECA6E2AAA001E00759B4F /* strings_it.bin */ = {isa = PBXFileReference; lastKnownFileType = archive.macbinary; name = strings_it.bin; path = ../src/src/commonMain/resources/strings_it.bin; sourceTree = "<group>"; };
		8E1ECA6F2AAA001E00759B4F /* strings_sv.bin */ = {isa = PBXFileReference; lastKnownFileType = archive.macbinary; name = strings_sv.bin; path = ../src/src/commonMain/resources/strings_sv.bin; sourceTree = "<group>"; };
		8E1ECA702AAA001F00759B4F /* strings_tr.bin */ = {isa = PBXFileReference; lastKnownFileType = archive.macbinary; name = strings_tr.bin; path = ../src/src/commonMain/resources/strings_tr.bin; sourceTree = "<group>"; };
		8E1ECA712AAA001F00759B4F /* strings_no.bin */ = {isa = PBXFileReference; lastKnownFileType = archive.macbinary; name = strings_no.bin; path = ../src/src/commonMain/resources/strings_no.bin; sourceTree = "<group>"; };
		8E1ECA722AAA001F00759B4F /* strings_de.bin */ = {isa = PBXFileReference; lastKnownFileType = archive.macbinary; name = strings_de.bin; path = ../src/src/commonMain/resources/strings_de.bin; sourceTree = "<group>"; };
		8E1ECA732AAA002000759B4F /* strings_in.bin */ = {isa = PBXFileReference; lastKnownFileType = archive.macbinary; name = strings_in.bin; path = ../src/src/commonMain/resources/strings_in.bin; sourceTree = "<group>"; };
/* End PBXFileReference section */

/* Begin PBXFrameworksBuildPhase section */
		0B53DA102BA282B300EFA082 /* Frameworks */ = {
			isa = PBXFrameworksBuildPhase;
			buildActionMask = 2147483647;
			files = (
			);
			runOnlyForDeploymentPostprocessing = 0;
		};
		7555FF78242A565900829871 /* Frameworks */ = {
			isa = PBXFrameworksBuildPhase;
			buildActionMask = 2147483647;
			files = (
			);
			runOnlyForDeploymentPostprocessing = 0;
		};
/* End PBXFrameworksBuildPhase section */

/* Begin PBXGroup section */
		058557D7273AAEEB004C7B11 /* Preview Content */ = {
			isa = PBXGroup;
			children = (
				058557D8273AAEEB004C7B11 /* Preview Assets.xcassets */,
			);
			path = "Preview Content";
			sourceTree = "<group>";
		};
		0B53DA142BA282B300EFA082 /* iosAppUITests */ = {
			isa = PBXGroup;
			children = (
				0B53DA152BA282B300EFA082 /* iosAppUITests.swift */,
				0B53DA172BA282B300EFA082 /* iosAppUITestsLaunchTests.swift */,
				0B53DA1E2BA2846600EFA082 /* iosAppBackgroundTests.swift */,
			);
			path = iosAppUITests;
			sourceTree = "<group>";
		};
		0B551BDB2AFE90C900BA0052 /* Kotlin Debug */ = {
			isa = PBXGroup;
			children = (
				0B551BE62AFE910D00BA0052 /* commonMain */,
				0B551BDC2AFE910D00BA0052 /* iosMain */,
			);
			path = "Kotlin Debug";
			sourceTree = "<group>";
		};
		0B551BDC2AFE910D00BA0052 /* iosMain */ = {
			isa = PBXGroup;
			children = (
				0B551BDD2AFE910D00BA0052 /* kotlin */,
			);
			name = iosMain;
			path = ../../src/src/iosMain;
			sourceTree = "<group>";
		};
		0B551BDD2AFE910D00BA0052 /* kotlin */ = {
			isa = PBXGroup;
			children = (
				0B551BDE2AFE910D00BA0052 /* utils_ios.kt */,
				0B551BDF2AFE910D00BA0052 /* baseexception.native.kt */,
				0B551BE02AFE910D00BA0052 /* ui */,
				0B551BE32AFE910D00BA0052 /* preferences.ios.kt */,
				0B551BE42AFE910D00BA0052 /* MainViewController.kt */,
				0B551BE52AFE910D00BA0052 /* i18n_ios.kt */,
			);
			path = kotlin;
			sourceTree = "<group>";
		};
		0B551BE02AFE910D00BA0052 /* ui */ = {
			isa = PBXGroup;
			children = (
				0B551BE12AFE910D00BA0052 /* theme */,
			);
			path = ui;
			sourceTree = "<group>";
		};
		0B551BE12AFE910D00BA0052 /* theme */ = {
			isa = PBXGroup;
			children = (
				0B551BE22AFE910D00BA0052 /* WallyTheme.ios.kt */,
			);
			path = theme;
			sourceTree = "<group>";
		};
		0B551BE62AFE910D00BA0052 /* commonMain */ = {
			isa = PBXGroup;
			children = (
				0B551BE72AFE910D00BA0052 /* resources */,
				0B551C062AFE910D00BA0052 /* kotlin */,
			);
			name = commonMain;
			path = ../../src/src/commonMain;
			sourceTree = "<group>";
		};
		0B551BE72AFE910D00BA0052 /* resources */ = {
			isa = PBXGroup;
			children = (
				0B551BE82AFE910D00BA0052 /* strings_nb.bin */,
				0B551BE92AFE910D00BA0052 /* strings_ca.bin */,
				0B551BEA2AFE910D00BA0052 /* strings_es.bin */,
				0B551BEB2AFE910D00BA0052 /* strings_ko.bin */,
				0B551BEC2AFE910D00BA0052 /* strings_sl.bin */,
				0B551BED2AFE910D00BA0052 /* strings_de.bin */,
				0B551BEE2AFE910D00BA0052 /* strings_it.bin */,
				0B551BEF2AFE910D00BA0052 /* strings_et.bin */,
				0B551BF02AFE910D00BA0052 /* strings_en.bin */,
				0B551BF12AFE910D00BA0052 /* strings_hi.bin */,
				0B551BF22AFE910D00BA0052 /* strings_in.bin */,
				0B551BF32AFE910D00BA0052 /* strings_round.bin */,
				0B551BF42AFE910D00BA0052 /* strings_sv.bin */,
				0B551BF52AFE910D00BA0052 /* icons */,
				0B551C042AFE910D00BA0052 /* strings_tr.bin */,
				0B551C052AFE910D00BA0052 /* strings_no.bin */,
			);
			path = resources;
			sourceTree = "<group>";
		};
		0B551BF52AFE910D00BA0052 /* icons */ = {
			isa = PBXGroup;
			children = (
				0B551BF62AFE910D00BA0052 /* gear.xml */,
				0B551BF72AFE910D00BA0052 /* plus.xml */,
				0B551BF82AFE910D00BA0052 /* check.xml */,
				0B551BF92AFE910D00BA0052 /* nexareg_icon.png */,
				0B551BFA2AFE910D00BA0052 /* lock.xml */,
				0B551BFB2AFE910D00BA0052 /* faucet_drip.xml */,
				0B551BFC2AFE910D00BA0052 /* W_1024.png */,
				0B551BFD2AFE910D00BA0052 /* nexatest_icon.png */,
				0B551BFE2AFE910D00BA0052 /* W_152.png */,
				0B551BFF2AFE910D00BA0052 /* ani_syncing.xml */,
				0B551C002AFE910D00BA0052 /* nexa_icon.png */,
				0B551C012AFE910D00BA0052 /* unlock.xml */,
				0B551C022AFE910D00BA0052 /* W_120.png */,
				0B551C032AFE910D00BA0052 /* bitcoin_cash_token.xml */,
			);
			path = icons;
			sourceTree = "<group>";
		};
		0B551C062AFE910D00BA0052 /* kotlin */ = {
			isa = PBXGroup;
			children = (
				0B551C072AFE910D00BA0052 /* ui */,
				0B551C1A2AFE910D00BA0052 /* i18n.kt */,
				0B551C1B2AFE910D00BA0052 /* exceptions.kt */,
				0B551C1C2AFE910D00BA0052 /* app.kt */,
				0B551C1D2AFE910D00BA0052 /* settings.kt */,
				0B551C1E2AFE910D00BA0052 /* accountdiscovery.kt */,
				0B551C1F2AFE910D00BA0052 /* bitcoincomapi.kt */,
				0B551C202AFE910D00BA0052 /* utils.kt */,
				0B551C212AFE910D00BA0052 /* strings.kt */,
				0B551C222AFE910D00BA0052 /* account.kt */,
				0B551C232AFE910D00BA0052 /* wallywalletorgapi.kt */,
				0B551C242AFE910D00BA0052 /* reactor.kt */,
				0B551C252AFE910D00BA0052 /* baseexception.kt */,
				0B551C262AFE910D00BA0052 /* shopping.kt */,
				0B551C272AFE910D00BA0052 /* listifyMap.kt */,
				0B551C282AFE910D00BA0052 /* preferences.kt */,
				0B551C292AFE910D00BA0052 /* payproto_21_72.kt */,
				0B551C2A2AFE910D00BA0052 /* globals.kt */,
			);
			path = kotlin;
			sourceTree = "<group>";
		};
		0B551C072AFE910D00BA0052 /* ui */ = {
			isa = PBXGroup;
			children = (
				0B551C082AFE910D00BA0052 /* SplitBillScreen.kt */,
				0B551C092AFE910D00BA0052 /* NewAccountScreen.kt */,
				0B551C0A2AFE910D00BA0052 /* NavigationRoot.kt */,
				0B551C0B2AFE910D00BA0052 /* SettingsScreen.kt */,
				0B551C0C2AFE910D00BA0052 /* AccountDetailScreen.kt */,
				0B551C0E2AFE910D00BA0052 /* theme */,
				0B551C152AFE910D00BA0052 /* HomeScreen.kt */,
				0B551C162AFE910D00BA0052 /* views */,
				0B551C192AFE910D00BA0052 /* ShoppingScreen.kt */,
			);
			path = ui;
			sourceTree = "<group>";
		};
		0B551C0E2AFE910D00BA0052 /* theme */ = {
			isa = PBXGroup;
			children = (
				0B551C0F2AFE910D00BA0052 /* WallyDropdown.kt */,
				0B551C102AFE910D00BA0052 /* WallyTheme.kt */,
				0B551C112AFE910D00BA0052 /* Color.kt */,
				0B551C122AFE910D00BA0052 /* Shapes.kt */,
				0B551C132AFE910D00BA0052 /* Theme.kt */,
				0B551C142AFE910D00BA0052 /* Typography.kt */,
			);
			path = theme;
			sourceTree = "<group>";
		};
		0B551C162AFE910D00BA0052 /* views */ = {
			isa = PBXGroup;
			children = (
				0B551C172AFE910D00BA0052 /* AccountListView.kt */,
				0B551C182AFE910D00BA0052 /* ResImageView.kt */,
			);
			path = views;
			sourceTree = "<group>";
		};
		7555FF72242A565900829871 = {
			isa = PBXGroup;
			children = (
				0B551BDB2AFE90C900BA0052 /* Kotlin Debug */,
				8E1ECA6D2AAA001D00759B4F /* strings_ca.bin */,
				8E1ECA722AAA001F00759B4F /* strings_de.bin */,
				8E1ECA672AAA001B00759B4F /* strings_es.bin */,
				8E1ECA6B2AAA001D00759B4F /* strings_et.bin */,
				8E1ECA682AAA001C00759B4F /* strings_hi.bin */,
				8E1ECA732AAA002000759B4F /* strings_in.bin */,
				8E1ECA6E2AAA001E00759B4F /* strings_it.bin */,
				8E1ECA6C2AAA001D00759B4F /* strings_nb.bin */,
				8E1ECA712AAA001F00759B4F /* strings_no.bin */,
				8E1ECA692AAA001C00759B4F /* strings_round.bin */,
				8E1ECA6A2AAA001C00759B4F /* strings_sl.bin */,
				8E1ECA6F2AAA001E00759B4F /* strings_sv.bin */,
				8E1ECA702AAA001F00759B4F /* strings_tr.bin */,
				8E1ECA652AA957D200759B4F /* strings_en.bin */,
				7555FF7D242A565900829871 /* iosApp */,
				0B53DA142BA282B300EFA082 /* iosAppUITests */,
				7555FF7C242A565900829871 /* Products */,
				7555FFB0242A642200829871 /* Frameworks */,
			);
			sourceTree = "<group>";
		};
		7555FF7C242A565900829871 /* Products */ = {
			isa = PBXGroup;
			children = (
				7555FF7B242A565900829871 /* iosApp.app */,
				0B53DA132BA282B300EFA082 /* iosAppUITests.xctest */,
			);
			name = Products;
			sourceTree = "<group>";
		};
		7555FF7D242A565900829871 /* iosApp */ = {
			isa = PBXGroup;
			children = (
				058557BA273AAA24004C7B11 /* Assets.xcassets */,
				7555FF82242A565900829871 /* ContentView.swift */,
				7555FF8C242A565B00829871 /* Info.plist */,
				2152FB032600AC8F00CF470E /* iOSApp.swift */,
				058557D7273AAEEB004C7B11 /* Preview Content */,
			);
			path = iosApp;
			sourceTree = "<group>";
		};
		7555FFB0242A642200829871 /* Frameworks */ = {
			isa = PBXGroup;
			children = (
			);
			name = Frameworks;
			sourceTree = "<group>";
		};
/* End PBXGroup section */

/* Begin PBXNativeTarget section */
		0B53DA122BA282B300EFA082 /* iosAppUITests */ = {
			isa = PBXNativeTarget;
			buildConfigurationList = 0B53DA1D2BA282B300EFA082 /* Build configuration list for PBXNativeTarget "iosAppUITests" */;
			buildPhases = (
				0B53DA0F2BA282B300EFA082 /* Sources */,
				0B53DA102BA282B300EFA082 /* Frameworks */,
				0B53DA112BA282B300EFA082 /* Resources */,
			);
			buildRules = (
			);
			dependencies = (
				0B53DA1A2BA282B300EFA082 /* PBXTargetDependency */,
			);
			name = iosAppUITests;
			productName = iosAppUITests;
			productReference = 0B53DA132BA282B300EFA082 /* iosAppUITests.xctest */;
			productType = "com.apple.product-type.bundle.ui-testing";
		};
		7555FF7A242A565900829871 /* iosApp */ = {
			isa = PBXNativeTarget;
			buildConfigurationList = 7555FFA5242A565B00829871 /* Build configuration list for PBXNativeTarget "iosApp" */;
			buildPhases = (
				7555FFB5242A651A00829871 /* Run Script */,
				7555FF77242A565900829871 /* Sources */,
				7555FF78242A565900829871 /* Frameworks */,
				7555FF79242A565900829871 /* Resources */,
				7555FFB4242A642300829871 /* Embed Frameworks */,
			);
			buildRules = (
			);
			dependencies = (
			);
			name = iosApp;
			productName = iosApp;
			productReference = 7555FF7B242A565900829871 /* iosApp.app */;
			productType = "com.apple.product-type.application";
		};
/* End PBXNativeTarget section */

/* Begin PBXProject section */
		7555FF73242A565900829871 /* Project object */ = {
			isa = PBXProject;
			attributes = {
				LastSwiftUpdateCheck = 1530;
				LastUpgradeCheck = 1130;
				ORGANIZATIONNAME = orgName;
				TargetAttributes = {
					0B53DA122BA282B300EFA082 = {
						CreatedOnToolsVersion = 15.3;
						TestTargetID = 7555FF7A242A565900829871;
					};
					7555FF7A242A565900829871 = {
						CreatedOnToolsVersion = 11.3.1;
					};
				};
			};
			buildConfigurationList = 7555FF76242A565900829871 /* Build configuration list for PBXProject "iosApp" */;
			compatibilityVersion = "Xcode 9.3";
			developmentRegion = en;
			hasScannedForEncodings = 0;
			knownRegions = (
				en,
				Base,
			);
			mainGroup = 7555FF72242A565900829871;
			productRefGroup = 7555FF7C242A565900829871 /* Products */;
			projectDirPath = "";
			projectRoot = "";
			targets = (
				7555FF7A242A565900829871 /* iosApp */,
				0B53DA122BA282B300EFA082 /* iosAppUITests */,
			);
		};
/* End PBXProject section */

/* Begin PBXResourcesBuildPhase section */
		0B53DA112BA282B300EFA082 /* Resources */ = {
			isa = PBXResourcesBuildPhase;
			buildActionMask = 2147483647;
			files = (
			);
			runOnlyForDeploymentPostprocessing = 0;
		};
		7555FF79242A565900829871 /* Resources */ = {
			isa = PBXResourcesBuildPhase;
			buildActionMask = 2147483647;
			files = (
				0B551C602AFE910D00BA0052 /* app.kt in Resources */,
				0B551C432AFE910D00BA0052 /* faucet_drip.xml in Resources */,
				0B551C612AFE910D00BA0052 /* settings.kt in Resources */,
				0B551C392AFE910D00BA0052 /* strings_en.bin in Resources */,
				0B551C472AFE910D00BA0052 /* ani_syncing.xml in Resources */,
				0B551C5A2AFE910D00BA0052 /* HomeScreen.kt in Resources */,
				8E1ECA662AA957D300759B4F /* strings_en.bin in Resources */,
				0B551C2D2AFE910D00BA0052 /* WallyTheme.ios.kt in Resources */,
				0B551C662AFE910D00BA0052 /* account.kt in Resources */,
				0B551C322AFE910D00BA0052 /* strings_ca.bin in Resources */,
				0B551C502AFE910D00BA0052 /* NavigationRoot.kt in Resources */,
				0B551C5E2AFE910D00BA0052 /* i18n.kt in Resources */,
				0B551C452AFE910D00BA0052 /* nexatest_icon.png in Resources */,
				0B551C462AFE910D00BA0052 /* W_152.png in Resources */,
				0B551C4D2AFE910D00BA0052 /* strings_no.bin in Resources */,
				0B551C2E2AFE910D00BA0052 /* preferences.ios.kt in Resources */,
				8E1ECA7D2AAA002000759B4F /* strings_tr.bin in Resources */,
				8E1ECA772AAA002000759B4F /* strings_sl.bin in Resources */,
				0B551C332AFE910D00BA0052 /* strings_es.bin in Resources */,
				0B551C362AFE910D00BA0052 /* strings_de.bin in Resources */,
				8E1ECA752AAA002000759B4F /* strings_hi.bin in Resources */,
				0B551C562AFE910D00BA0052 /* Color.kt in Resources */,
				0B551C402AFE910D00BA0052 /* check.xml in Resources */,
				8E1ECA7C2AAA002000759B4F /* strings_sv.bin in Resources */,
				0B551C5B2AFE910D00BA0052 /* AccountListView.kt in Resources */,
				0B551C642AFE910D00BA0052 /* utils.kt in Resources */,
				0B551C592AFE910D00BA0052 /* Typography.kt in Resources */,
				0B551C552AFE910D00BA0052 /* WallyTheme.kt in Resources */,
				0B551C482AFE910D00BA0052 /* nexa_icon.png in Resources */,
				0B551C522AFE910D00BA0052 /* AccountDetailScreen.kt in Resources */,
				8E1ECA802AAA002000759B4F /* strings_in.bin in Resources */,
				0B551C342AFE910D00BA0052 /* strings_ko.bin in Resources */,
				0B551C692AFE910D00BA0052 /* baseexception.kt in Resources */,
				8E1ECA7E2AAA002000759B4F /* strings_no.bin in Resources */,
				0B551C4B2AFE910D00BA0052 /* bitcoin_cash_token.xml in Resources */,
				0B551C6D2AFE910D00BA0052 /* payproto_21_72.kt in Resources */,
				0B551C4E2AFE910D00BA0052 /* SplitBillScreen.kt in Resources */,
				8E1ECA7B2AAA002000759B4F /* strings_it.bin in Resources */,
				0B551C4A2AFE910D00BA0052 /* W_120.png in Resources */,
				0B551C422AFE910D00BA0052 /* lock.xml in Resources */,
				0B551C5F2AFE910D00BA0052 /* exceptions.kt in Resources */,
				0B551C512AFE910D00BA0052 /* SettingsScreen.kt in Resources */,
				0B551C3A2AFE910D00BA0052 /* strings_hi.bin in Resources */,
				0B551C3B2AFE910D00BA0052 /* strings_in.bin in Resources */,
				0B551C302AFE910D00BA0052 /* i18n_ios.kt in Resources */,
				0B551C2F2AFE910D00BA0052 /* MainViewController.kt in Resources */,
				0B551C312AFE910D00BA0052 /* strings_nb.bin in Resources */,
				0B551C2B2AFE910D00BA0052 /* utils_ios.kt in Resources */,
				0B551C6A2AFE910D00BA0052 /* shopping.kt in Resources */,
				8E1ECA792AAA002000759B4F /* strings_nb.bin in Resources */,
				0B551C372AFE910D00BA0052 /* strings_it.bin in Resources */,
				058557D9273AAEEB004C7B11 /* Preview Assets.xcassets in Resources */,
				0B551C382AFE910D00BA0052 /* strings_et.bin in Resources */,
				0B551C352AFE910D00BA0052 /* strings_sl.bin in Resources */,
				0B551C5C2AFE910D00BA0052 /* ResImageView.kt in Resources */,
				0B551C492AFE910D00BA0052 /* unlock.xml in Resources */,
				0B551C652AFE910D00BA0052 /* strings.kt in Resources */,
				0B551C572AFE910D00BA0052 /* Shapes.kt in Resources */,
				0B551C4F2AFE910D00BA0052 /* NewAccountScreen.kt in Resources */,
				0B551C542AFE910D00BA0052 /* WallyDropdown.kt in Resources */,
				0B551C2C2AFE910D00BA0052 /* baseexception.native.kt in Resources */,
				8E1ECA742AAA002000759B4F /* strings_es.bin in Resources */,
				8E1ECA7A2AAA002000759B4F /* strings_ca.bin in Resources */,
				8E1ECA7F2AAA002000759B4F /* strings_de.bin in Resources */,
				0B551C3E2AFE910D00BA0052 /* gear.xml in Resources */,
				0B551C5D2AFE910D00BA0052 /* ShoppingScreen.kt in Resources */,
				0B551C3F2AFE910D00BA0052 /* plus.xml in Resources */,
				058557BB273AAA24004C7B11 /* Assets.xcassets in Resources */,
				0B551C442AFE910D00BA0052 /* W_1024.png in Resources */,
				0B551C3D2AFE910D00BA0052 /* strings_sv.bin in Resources */,
				0B551C3C2AFE910D00BA0052 /* strings_round.bin in Resources */,
				0B551C672AFE910D00BA0052 /* wallywalletorgapi.kt in Resources */,
				0B551C4C2AFE910D00BA0052 /* strings_tr.bin in Resources */,
				0B551C682AFE910D00BA0052 /* reactor.kt in Resources */,
				0B551C632AFE910D00BA0052 /* bitcoincomapi.kt in Resources */,
				0B551C6C2AFE910D00BA0052 /* preferences.kt in Resources */,
				0B551C412AFE910D00BA0052 /* nexareg_icon.png in Resources */,
				8E1ECA762AAA002000759B4F /* strings_round.bin in Resources */,
				0B551C6E2AFE910D00BA0052 /* globals.kt in Resources */,
				0B551C622AFE910D00BA0052 /* accountdiscovery.kt in Resources */,
				0B551C6B2AFE910D00BA0052 /* listifyMap.kt in Resources */,
				0B551C582AFE910D00BA0052 /* Theme.kt in Resources */,
				8E1ECA782AAA002000759B4F /* strings_et.bin in Resources */,
			);
			runOnlyForDeploymentPostprocessing = 0;
		};
/* End PBXResourcesBuildPhase section */

/* Begin PBXShellScriptBuildPhase section */
		7555FFB5242A651A00829871 /* Run Script */ = {
			isa = PBXShellScriptBuildPhase;
			buildActionMask = 2147483647;
			files = (
			);
			inputFileListPaths = (
			);
			inputPaths = (
			);
			name = "Run Script";
			outputFileListPaths = (
			);
			outputPaths = (
			);
			runOnlyForDeploymentPostprocessing = 0;
			shellPath = /bin/sh;
			shellScript = "cd \"$SRCROOT/..\"\n./gradlew :src:embedAndSignAppleFrameworkForXcode\n";
		};
/* End PBXShellScriptBuildPhase section */

/* Begin PBXSourcesBuildPhase section */
		0B53DA0F2BA282B300EFA082 /* Sources */ = {
			isa = PBXSourcesBuildPhase;
			buildActionMask = 2147483647;
			files = (
				0B53DA182BA282B300EFA082 /* iosAppUITestsLaunchTests.swift in Sources */,
				0B53DA162BA282B300EFA082 /* iosAppUITests.swift in Sources */,
				0B53DA1F2BA2846600EFA082 /* iosAppBackgroundTests.swift in Sources */,
			);
			runOnlyForDeploymentPostprocessing = 0;
		};
		7555FF77242A565900829871 /* Sources */ = {
			isa = PBXSourcesBuildPhase;
			buildActionMask = 2147483647;
			files = (
				2152FB042600AC8F00CF470E /* iOSApp.swift in Sources */,
				7555FF83242A565900829871 /* ContentView.swift in Sources */,
			);
			runOnlyForDeploymentPostprocessing = 0;
		};
/* End PBXSourcesBuildPhase section */

/* Begin PBXTargetDependency section */
		0B53DA1A2BA282B300EFA082 /* PBXTargetDependency */ = {
			isa = PBXTargetDependency;
			target = 7555FF7A242A565900829871 /* iosApp */;
			targetProxy = 0B53DA192BA282B300EFA082 /* PBXContainerItemProxy */;
		};
/* End PBXTargetDependency section */

/* Begin XCBuildConfiguration section */
		0B53DA1B2BA282B300EFA082 /* Debug */ = {
			isa = XCBuildConfiguration;
			buildSettings = {
				ASSETCATALOG_COMPILER_GENERATE_SWIFT_ASSET_SYMBOL_EXTENSIONS = YES;
				CLANG_CXX_LANGUAGE_STANDARD = "gnu++20";
				CODE_SIGN_STYLE = Automatic;
				CURRENT_PROJECT_VERSION = 1;
				DEBUG_INFORMATION_FORMAT = dwarf;
				DEVELOPMENT_TEAM = 8A87667ULD;
				ENABLE_USER_SCRIPT_SANDBOXING = YES;
				GCC_C_LANGUAGE_STANDARD = gnu17;
				GENERATE_INFOPLIST_FILE = YES;
				IPHONEOS_DEPLOYMENT_TARGET = 16.6;
				LOCALIZATION_PREFERS_STRING_CATALOGS = YES;
				MARKETING_VERSION = 1.0;
				PRODUCT_BUNDLE_IDENTIFIER = org.bitcoinunlimited.iosAppUITests;
				PRODUCT_NAME = "$(TARGET_NAME)";
				SWIFT_ACTIVE_COMPILATION_CONDITIONS = "DEBUG $(inherited)";
				SWIFT_EMIT_LOC_STRINGS = NO;
				SWIFT_VERSION = 5.0;
				TARGETED_DEVICE_FAMILY = "1,2";
				TEST_TARGET_NAME = iosApp;
			};
			name = Debug;
		};
		0B53DA1C2BA282B300EFA082 /* Release */ = {
			isa = XCBuildConfiguration;
			buildSettings = {
				ASSETCATALOG_COMPILER_GENERATE_SWIFT_ASSET_SYMBOL_EXTENSIONS = YES;
				CLANG_CXX_LANGUAGE_STANDARD = "gnu++20";
				CODE_SIGN_STYLE = Automatic;
				CURRENT_PROJECT_VERSION = 1;
				DEVELOPMENT_TEAM = 8A87667ULD;
				ENABLE_USER_SCRIPT_SANDBOXING = YES;
				GCC_C_LANGUAGE_STANDARD = gnu17;
				GENERATE_INFOPLIST_FILE = YES;
				IPHONEOS_DEPLOYMENT_TARGET = 16.6;
				LOCALIZATION_PREFERS_STRING_CATALOGS = YES;
				MARKETING_VERSION = 1.0;
				PRODUCT_BUNDLE_IDENTIFIER = org.bitcoinunlimited.iosAppUITests;
				PRODUCT_NAME = "$(TARGET_NAME)";
				SWIFT_EMIT_LOC_STRINGS = NO;
				SWIFT_VERSION = 5.0;
				TARGETED_DEVICE_FAMILY = "1,2";
				TEST_TARGET_NAME = iosApp;
			};
			name = Release;
		};
		7555FFA3242A565B00829871 /* Debug */ = {
			isa = XCBuildConfiguration;
			buildSettings = {
				ALWAYS_SEARCH_USER_PATHS = NO;
				CLANG_ANALYZER_NONNULL = YES;
				CLANG_ANALYZER_NUMBER_OBJECT_CONVERSION = YES_AGGRESSIVE;
				CLANG_CXX_LANGUAGE_STANDARD = "gnu++14";
				CLANG_CXX_LIBRARY = "libc++";
				CLANG_ENABLE_MODULES = YES;
				CLANG_ENABLE_OBJC_ARC = YES;
				CLANG_ENABLE_OBJC_WEAK = YES;
				CLANG_WARN_BLOCK_CAPTURE_AUTORELEASING = YES;
				CLANG_WARN_BOOL_CONVERSION = YES;
				CLANG_WARN_COMMA = YES;
				CLANG_WARN_CONSTANT_CONVERSION = YES;
				CLANG_WARN_DEPRECATED_OBJC_IMPLEMENTATIONS = YES;
				CLANG_WARN_DIRECT_OBJC_ISA_USAGE = YES_ERROR;
				CLANG_WARN_DOCUMENTATION_COMMENTS = YES;
				CLANG_WARN_EMPTY_BODY = YES;
				CLANG_WARN_ENUM_CONVERSION = YES;
				CLANG_WARN_INFINITE_RECURSION = YES;
				CLANG_WARN_INT_CONVERSION = YES;
				CLANG_WARN_NON_LITERAL_NULL_CONVERSION = YES;
				CLANG_WARN_OBJC_IMPLICIT_RETAIN_SELF = YES;
				CLANG_WARN_OBJC_LITERAL_CONVERSION = YES;
				CLANG_WARN_OBJC_ROOT_CLASS = YES_ERROR;
				CLANG_WARN_QUOTED_INCLUDE_IN_FRAMEWORK_HEADER = YES;
				CLANG_WARN_RANGE_LOOP_ANALYSIS = YES;
				CLANG_WARN_STRICT_PROTOTYPES = YES;
				CLANG_WARN_SUSPICIOUS_MOVE = YES;
				CLANG_WARN_UNGUARDED_AVAILABILITY = YES_AGGRESSIVE;
				CLANG_WARN_UNREACHABLE_CODE = YES;
				CLANG_WARN__DUPLICATE_METHOD_MATCH = YES;
				COPY_PHASE_STRIP = NO;
				DEBUG_INFORMATION_FORMAT = "dwarf-with-dsym";
				ENABLE_STRICT_OBJC_MSGSEND = YES;
				ENABLE_TESTABILITY = YES;
				GCC_C_LANGUAGE_STANDARD = gnu11;
				GCC_DYNAMIC_NO_PIC = NO;
				GCC_NO_COMMON_BLOCKS = YES;
				GCC_OPTIMIZATION_LEVEL = 0;
				GCC_PREPROCESSOR_DEFINITIONS = (
					"DEBUG=1",
					"$(inherited)",
				);
				GCC_WARN_64_TO_32_BIT_CONVERSION = YES;
				GCC_WARN_ABOUT_RETURN_TYPE = YES_ERROR;
				GCC_WARN_UNDECLARED_SELECTOR = YES;
				GCC_WARN_UNINITIALIZED_AUTOS = YES_AGGRESSIVE;
				GCC_WARN_UNUSED_FUNCTION = YES;
				GCC_WARN_UNUSED_VARIABLE = YES;
				IPHONEOS_DEPLOYMENT_TARGET = 14.1;
				MTL_ENABLE_DEBUG_INFO = INCLUDE_SOURCE;
				MTL_FAST_MATH = YES;
				ONLY_ACTIVE_ARCH = YES;
				SDKROOT = iphoneos;
				SWIFT_ACTIVE_COMPILATION_CONDITIONS = DEBUG;
				SWIFT_OPTIMIZATION_LEVEL = "-Onone";
			};
			name = Debug;
		};
		7555FFA4242A565B00829871 /* Release */ = {
			isa = XCBuildConfiguration;
			buildSettings = {
				ALWAYS_SEARCH_USER_PATHS = NO;
				CLANG_ANALYZER_NONNULL = YES;
				CLANG_ANALYZER_NUMBER_OBJECT_CONVERSION = YES_AGGRESSIVE;
				CLANG_CXX_LANGUAGE_STANDARD = "gnu++14";
				CLANG_CXX_LIBRARY = "libc++";
				CLANG_ENABLE_MODULES = YES;
				CLANG_ENABLE_OBJC_ARC = YES;
				CLANG_ENABLE_OBJC_WEAK = YES;
				CLANG_WARN_BLOCK_CAPTURE_AUTORELEASING = YES;
				CLANG_WARN_BOOL_CONVERSION = YES;
				CLANG_WARN_COMMA = YES;
				CLANG_WARN_CONSTANT_CONVERSION = YES;
				CLANG_WARN_DEPRECATED_OBJC_IMPLEMENTATIONS = YES;
				CLANG_WARN_DIRECT_OBJC_ISA_USAGE = YES_ERROR;
				CLANG_WARN_DOCUMENTATION_COMMENTS = YES;
				CLANG_WARN_EMPTY_BODY = YES;
				CLANG_WARN_ENUM_CONVERSION = YES;
				CLANG_WARN_INFINITE_RECURSION = YES;
				CLANG_WARN_INT_CONVERSION = YES;
				CLANG_WARN_NON_LITERAL_NULL_CONVERSION = YES;
				CLANG_WARN_OBJC_IMPLICIT_RETAIN_SELF = YES;
				CLANG_WARN_OBJC_LITERAL_CONVERSION = YES;
				CLANG_WARN_OBJC_ROOT_CLASS = YES_ERROR;
				CLANG_WARN_QUOTED_INCLUDE_IN_FRAMEWORK_HEADER = YES;
				CLANG_WARN_RANGE_LOOP_ANALYSIS = YES;
				CLANG_WARN_STRICT_PROTOTYPES = YES;
				CLANG_WARN_SUSPICIOUS_MOVE = YES;
				CLANG_WARN_UNGUARDED_AVAILABILITY = YES_AGGRESSIVE;
				CLANG_WARN_UNREACHABLE_CODE = YES;
				CLANG_WARN__DUPLICATE_METHOD_MATCH = YES;
				COPY_PHASE_STRIP = NO;
				DEBUG_INFORMATION_FORMAT = "dwarf-with-dsym";
				ENABLE_NS_ASSERTIONS = NO;
				ENABLE_STRICT_OBJC_MSGSEND = YES;
				GCC_C_LANGUAGE_STANDARD = gnu11;
				GCC_NO_COMMON_BLOCKS = YES;
				GCC_WARN_64_TO_32_BIT_CONVERSION = YES;
				GCC_WARN_ABOUT_RETURN_TYPE = YES_ERROR;
				GCC_WARN_UNDECLARED_SELECTOR = YES;
				GCC_WARN_UNINITIALIZED_AUTOS = YES_AGGRESSIVE;
				GCC_WARN_UNUSED_FUNCTION = YES;
				GCC_WARN_UNUSED_VARIABLE = YES;
				IPHONEOS_DEPLOYMENT_TARGET = 14.1;
				MTL_ENABLE_DEBUG_INFO = NO;
				MTL_FAST_MATH = YES;
				SDKROOT = iphoneos;
				SWIFT_COMPILATION_MODE = wholemodule;
				SWIFT_OPTIMIZATION_LEVEL = "-O";
				VALIDATE_PRODUCT = YES;
			};
			name = Release;
		};
		7555FFA6242A565B00829871 /* Debug */ = {
			isa = XCBuildConfiguration;
			buildSettings = {
				ASSETCATALOG_COMPILER_APPICON_NAME = AppIcon;
				ASSETCATALOG_COMPILER_INCLUDE_ALL_APPICON_ASSETS = NO;
				CODE_SIGN_IDENTITY = "Apple Development";
				CODE_SIGN_STYLE = Automatic;
				DEVELOPMENT_ASSET_PATHS = "\"iosApp/Preview Content\"";
				DEVELOPMENT_TEAM = 8A87667ULD;
				ENABLE_PREVIEWS = YES;
				FRAMEWORK_SEARCH_PATHS = (
					"$(inherited)",
					"$(SRCROOT)/../src/build/xcode-frameworks/$(CONFIGURATION)/$(SDK_NAME)",
				);
				INFOPLIST_FILE = iosApp/Info.plist;
				INFOPLIST_KEY_CFBundleDisplayName = "Wally Wallet";
				INFOPLIST_KEY_LSApplicationCategoryType = "public.app-category.finance";
				LD_RUNPATH_SEARCH_PATHS = (
					"$(inherited)",
					"@executable_path/Frameworks",
				);
				OTHER_LDFLAGS = (
					"$(inherited)",
					"-framework",
					src,
				);
				PRODUCT_BUNDLE_IDENTIFIER = info.bitcoinunlimited.www.wally;
				PRODUCT_NAME = "$(TARGET_NAME)";
				PROVISIONING_PROFILE_SPECIFIER = "";
				SWIFT_VERSION = 5.0;
				TARGETED_DEVICE_FAMILY = "1,2";
			};
			name = Debug;
		};
		7555FFA7242A565B00829871 /* Release */ = {
			isa = XCBuildConfiguration;
			buildSettings = {
				ASSETCATALOG_COMPILER_APPICON_NAME = AppIcon;
				ASSETCATALOG_COMPILER_INCLUDE_ALL_APPICON_ASSETS = NO;
				CODE_SIGN_IDENTITY = "Apple Development";
				CODE_SIGN_STYLE = Automatic;
				DEVELOPMENT_ASSET_PATHS = "\"iosApp/Preview Content\"";
				DEVELOPMENT_TEAM = 8A87667ULD;
				ENABLE_PREVIEWS = YES;
				FRAMEWORK_SEARCH_PATHS = (
					"$(inherited)",
					"$(SRCROOT)/../src/build/xcode-frameworks/$(CONFIGURATION)/$(SDK_NAME)",
				);
				INFOPLIST_FILE = iosApp/Info.plist;
				INFOPLIST_KEY_CFBundleDisplayName = "Wally Wallet";
				INFOPLIST_KEY_LSApplicationCategoryType = "public.app-category.finance";
				LD_RUNPATH_SEARCH_PATHS = (
					"$(inherited)",
					"@executable_path/Frameworks",
				);
				OTHER_LDFLAGS = (
					"$(inherited)",
					"-framework",
					src,
				);
				PRODUCT_BUNDLE_IDENTIFIER = info.bitcoinunlimited.www.wally;
				PRODUCT_NAME = "$(TARGET_NAME)";
				PROVISIONING_PROFILE_SPECIFIER = "";
				SWIFT_VERSION = 5.0;
				TARGETED_DEVICE_FAMILY = "1,2";
			};
			name = Release;
		};
/* End XCBuildConfiguration section */

/* Begin XCConfigurationList section */
		0B53DA1D2BA282B300EFA082 /* Build configuration list for PBXNativeTarget "iosAppUITests" */ = {
			isa = XCConfigurationList;
			buildConfigurations = (
				0B53DA1B2BA282B300EFA082 /* Debug */,
				0B53DA1C2BA282B300EFA082 /* Release */,
			);
			defaultConfigurationIsVisible = 0;
			defaultConfigurationName = Release;
		};
		7555FF76242A565900829871 /* Build configuration list for PBXProject "iosApp" */ = {
			isa = XCConfigurationList;
			buildConfigurations = (
				7555FFA3242A565B00829871 /* Debug */,
				7555FFA4242A565B00829871 /* Release */,
			);
			defaultConfigurationIsVisible = 0;
			defaultConfigurationName = Release;
		};
		7555FFA5242A565B00829871 /* Build configuration list for PBXNativeTarget "iosApp" */ = {
			isa = XCConfigurationList;
			buildConfigurations = (
				7555FFA6242A565B00829871 /* Debug */,
				7555FFA7242A565B00829871 /* Release */,
			);
			defaultConfigurationIsVisible = 0;
			defaultConfigurationName = Release;
		};
/* End XCConfigurationList section */
	};
	rootObject = 7555FF73242A565900829871 /* Project object */;
}
